
Microsoft Visual Studio Solution File, Format Version 11.00
# Visual Studio 2010
Project("{2150E333-8FDC-42A3-9474-1A3956D46DE8}") = "Solution Items", "Solution Items", "{8EC39CDC-A239-403B-B1BD-CFBEB477EE3E}"
	ProjectSection(SolutionItems) = preProject
		AsposeBarcode.vsmdi = AsposeBarcode.vsmdi
		Local.testsettings = Local.testsettings
		TraceAndTestImpact.testsettings = TraceAndTestImpact.testsettings
	EndProjectSection
EndProject
Project("{FAE04EC0-301F-11D3-BF4B-00C04F79EFBC}") = "AsposeBarcode", "AsposeBarcode.csproj", "{C1F14D71-4F52-4999-B7C8-7C092F8F8174}"
EndProject
Project("{FAE04EC0-301F-11D3-BF4B-00C04F79EFBC}") = "BarcodeTest", "BarcodeTest\BarcodeTest.csproj", "{91E879CD-C1CC-4153-941B-F1D46992B3EA}"
EndProject
Global
	GlobalSection(SolutionConfigurationPlatforms) = preSolution
		Debug|Any CPU = Debug|Any CPU
		Debug|Mixed Platforms = Debug|Mixed Platforms
		Debug|x86 = Debug|x86
		Release|Any CPU = Release|Any CPU
		Release|Mixed Platforms = Release|Mixed Platforms
		Release|x86 = Release|x86
	EndGlobalSection
	GlobalSection(ProjectConfigurationPlatforms) = postSolution
		{C1F14D71-4F52-4999-B7C8-7C092F8F8174}.Debug|Any CPU.ActiveCfg = Debug|x86
		{C1F14D71-4F52-4999-B7C8-7C092F8F8174}.Debug|Mixed Platforms.ActiveCfg = Debug|x86
		{C1F14D71-4F52-4999-B7C8-7C092F8F8174}.Debug|Mixed Platforms.Build.0 = Debug|x86
		{C1F14D71-4F52-4999-B7C8-7C092F8F8174}.Debug|x86.ActiveCfg = Debug|x86
		{C1F14D71-4F52-4999-B7C8-7C092F8F8174}.Debug|x86.Build.0 = Debug|x86
		{C1F14D71-4F52-4999-B7C8-7C092F8F8174}.Release|Any CPU.ActiveCfg = Release|x86
		{C1F14D71-4F52-4999-B7C8-7C092F8F8174}.Release|Mixed Platforms.ActiveCfg = Release|x86
		{C1F14D71-4F52-4999-B7C8-7C092F8F8174}.Release|Mixed Platforms.Build.0 = Release|x86
		{C1F14D71-4F52-4999-B7C8-7C092F8F8174}.Release|x86.ActiveCfg = Release|x86
		{C1F14D71-4F52-4999-B7C8-7C092F8F8174}.Release|x86.Build.0 = Release|x86
		{91E879CD-C1CC-4153-941B-F1D46992B3EA}.Debug|Any CPU.ActiveCfg = Debug|Any CPU
		{91E879CD-C1CC-4153-941B-F1D46992B3EA}.Debug|Any CPU.Build.0 = Debug|Any CPU
		{91E879CD-C1CC-4153-941B-F1D46992B3EA}.Debug|Mixed Platforms.ActiveCfg = Debug|Any CPU
		{91E879CD-C1CC-4153-941B-F1D46992B3EA}.Debug|Mixed Platforms.Build.0 = Debug|Any CPU
		{91E879CD-C1CC-4153-941B-F1D46992B3EA}.Debug|x86.ActiveCfg = Debug|Any CPU
		{91E879CD-C1CC-4153-941B-F1D46992B3EA}.Release|Any CPU.ActiveCfg = Release|Any CPU
		{91E879CD-C1CC-4153-941B-F1D46992B3EA}.Release|Any CPU.Build.0 = Release|Any CPU
		{91E879CD-C1CC-4153-941B-F1D46992B3EA}.Release|Mixed Platforms.ActiveCfg = Release|Any CPU
		{91E879CD-C1CC-4153-941B-F1D46992B3EA}.Release|Mixed Platforms.Build.0 = Release|Any CPU
		{91E879CD-C1CC-4153-941B-F1D46992B3EA}.Release|x86.ActiveCfg = Release|Any CPU
	EndGlobalSection
	GlobalSection(SolutionProperties) = preSolution
		HideSolutionNode = FALSE
	EndGlobalSection
EndGlobal
