// !$*UTF8*$!
{
	archiveVersion = 1;
	classes = {
	};
	objectVersion = 46;
	objects = {

/* Begin PBXBuildFile section */
		3060E8FA1BFDCEA50067A801 /* main.m in Sources */ = {isa = PBXBuildFile; fileRef = 3060E8F91BFDCEA50067A801 /* main.m */; };
		3060E8FD1BFDCEA50067A801 /* AppDelegate.m in Sources */ = {isa = PBXBuildFile; fileRef = 3060E8FC1BFDCEA50067A801 /* AppDelegate.m */; };
		3060E9001BFDCEA50067A801 /* ViewController.m in Sources */ = {isa = PBXBuildFile; fileRef = 3060E8FF1BFDCEA50067A801 /* ViewController.m */; };
		3060E9031BFDCEA50067A801 /* Main.storyboard in Resources */ = {isa = PBXBuildFile; fileRef = 3060E9011BFDCEA50067A801 /* Main.storyboard */; };
		3060E9051BFDCEA50067A801 /* Assets.xcassets in Resources */ = {isa = PBXBuildFile; fileRef = 3060E9041BFDCEA50067A801 /* Assets.xcassets */; };
		3060E9081BFDCEA50067A801 /* LaunchScreen.storyboard in Resources */ = {isa = PBXBuildFile; fileRef = 3060E9061BFDCEA50067A801 /* LaunchScreen.storyboard */; };
		3060E9341BFDCFED0067A801 /* ASPBarcodeApi.m in Sources */ = {isa = PBXBuildFile; fileRef = 3060E9201BFDCFED0067A801 /* ASPBarcodeApi.m */; };
		3060E9351BFDCFED0067A801 /* ASPBarcodeBuilder.m in Sources */ = {isa = PBXBuildFile; fileRef = 3060E9231BFDCFED0067A801 /* ASPBarcodeBuilder.m */; };
		3060E9361BFDCFED0067A801 /* ASPBarcodeBuildersList.m in Sources */ = {isa = PBXBuildFile; fileRef = 3060E9251BFDCFED0067A801 /* ASPBarcodeBuildersList.m */; };
		3060E9371BFDCFED0067A801 /* ASPBarcodeReader.m in Sources */ = {isa = PBXBuildFile; fileRef = 3060E9271BFDCFED0067A801 /* ASPBarcodeReader.m */; };
		3060E9381BFDCFED0067A801 /* ASPBarcodeResponse.m in Sources */ = {isa = PBXBuildFile; fileRef = 3060E9291BFDCFED0067A801 /* ASPBarcodeResponse.m */; };
		3060E9391BFDCFED0067A801 /* ASPBarcodeResponseList.m in Sources */ = {isa = PBXBuildFile; fileRef = 3060E92B1BFDCFED0067A801 /* ASPBarcodeResponseList.m */; };
		3060E93B1BFDCFED0067A801 /* ASPMargins.m in Sources */ = {isa = PBXBuildFile; fileRef = 3060E92F1BFDCFED0067A801 /* ASPMargins.m */; };
		3060E93D1BFDCFED0067A801 /* ASPResolution.m in Sources */ = {isa = PBXBuildFile; fileRef = 3060E9331BFDCFED0067A801 /* ASPResolution.m */; };
		3060E9441BFDD0000067A801 /* ASPBarcodeApiTestCase.m in Sources */ = {isa = PBXBuildFile; fileRef = 3060E93F1BFDD0000067A801 /* ASPBarcodeApiTestCase.m */; };
		3060E9451BFDD0000067A801 /* barcode.png in Resources */ = {isa = PBXBuildFile; fileRef = 3060E9411BFDD0000067A801 /* barcode.png */; };
		3060E9461BFDD0000067A801 /* sample-barcode.jpeg in Resources */ = {isa = PBXBuildFile; fileRef = 3060E9421BFDD0000067A801 /* sample-barcode.jpeg */; };
		3060E9471BFDD0000067A801 /* sample.txt in Resources */ = {isa = PBXBuildFile; fileRef = 3060E9431BFDD0000067A801 /* sample.txt */; };
		3060E9481BFDD00B0067A801 /* barcode.png in Resources */ = {isa = PBXBuildFile; fileRef = 3060E9411BFDD0000067A801 /* barcode.png */; };
		3060E9491BFDD00B0067A801 /* sample-barcode.jpeg in Resources */ = {isa = PBXBuildFile; fileRef = 3060E9421BFDD0000067A801 /* sample-barcode.jpeg */; };
		3060E94A1BFDD00B0067A801 /* sample.txt in Resources */ = {isa = PBXBuildFile; fileRef = 3060E9431BFDD0000067A801 /* sample.txt */; };
/* End PBXBuildFile section */

/* Begin PBXContainerItemProxy section */
		3060E90F1BFDCEA50067A801 /* PBXContainerItemProxy */ = {
			isa = PBXContainerItemProxy;
			containerPortal = 3060E8ED1BFDCEA50067A801 /* Project object */;
			proxyType = 1;
			remoteGlobalIDString = 3060E8F41BFDCEA50067A801;
			remoteInfo = Aspose.Barcode_Cloud_SDK_For_ObjectiveC;
		};
/* End PBXContainerItemProxy section */

/* Begin PBXFileReference section */
		3060E8F51BFDCEA50067A801 /* Aspose.Barcode_Cloud_SDK_For_ObjectiveC.app */ = {isa = PBXFileReference; explicitFileType = wrapper.application; includeInIndex = 0; path = Aspose.Barcode_Cloud_SDK_For_ObjectiveC.app; sourceTree = BUILT_PRODUCTS_DIR; };
		3060E8F91BFDCEA50067A801 /* main.m */ = {isa = PBXFileReference; lastKnownFileType = sourcecode.c.objc; path = main.m; sourceTree = "<group>"; };
		3060E8FB1BFDCEA50067A801 /* AppDelegate.h */ = {isa = PBXFileReference; lastKnownFileType = sourcecode.c.h; path = AppDelegate.h; sourceTree = "<group>"; };
		3060E8FC1BFDCEA50067A801 /* AppDelegate.m */ = {isa = PBXFileReference; lastKnownFileType = sourcecode.c.objc; path = AppDelegate.m; sourceTree = "<group>"; };
		3060E8FE1BFDCEA50067A801 /* ViewController.h */ = {isa = PBXFileReference; lastKnownFileType = sourcecode.c.h; path = ViewController.h; sourceTree = "<group>"; };
		3060E8FF1BFDCEA50067A801 /* ViewController.m */ = {isa = PBXFileReference; lastKnownFileType = sourcecode.c.objc; path = ViewController.m; sourceTree = "<group>"; };
		3060E9021BFDCEA50067A801 /* Base */ = {isa = PBXFileReference; lastKnownFileType = file.storyboard; name = Base; path = Base.lproj/Main.storyboard; sourceTree = "<group>"; };
		3060E9041BFDCEA50067A801 /* Assets.xcassets */ = {isa = PBXFileReference; lastKnownFileType = folder.assetcatalog; path = Assets.xcassets; sourceTree = "<group>"; };
		3060E9071BFDCEA50067A801 /* Base */ = {isa = PBXFileReference; lastKnownFileType = file.storyboard; name = Base; path = Base.lproj/LaunchScreen.storyboard; sourceTree = "<group>"; };
		3060E9091BFDCEA50067A801 /* Info.plist */ = {isa = PBXFileReference; lastKnownFileType = text.plist.xml; path = Info.plist; sourceTree = "<group>"; };
		3060E90E1BFDCEA50067A801 /* Aspose.Barcode_Cloud_SDK_For_ObjectiveCTests.xctest */ = {isa = PBXFileReference; explicitFileType = wrapper.cfbundle; includeInIndex = 0; path = Aspose.Barcode_Cloud_SDK_For_ObjectiveCTests.xctest; sourceTree = BUILT_PRODUCTS_DIR; };
		3060E9141BFDCEA50067A801 /* Info.plist */ = {isa = PBXFileReference; lastKnownFileType = text.plist.xml; path = Info.plist; sourceTree = "<group>"; };
		3060E91F1BFDCFED0067A801 /* ASPBarcodeApi.h */ = {isa = PBXFileReference; fileEncoding = 4; lastKnownFileType = sourcecode.c.h; path = ASPBarcodeApi.h; sourceTree = "<group>"; };
		3060E9201BFDCFED0067A801 /* ASPBarcodeApi.m */ = {isa = PBXFileReference; fileEncoding = 4; lastKnownFileType = sourcecode.c.objc; path = ASPBarcodeApi.m; sourceTree = "<group>"; };
		3060E9221BFDCFED0067A801 /* ASPBarcodeBuilder.h */ = {isa = PBXFileReference; fileEncoding = 4; lastKnownFileType = sourcecode.c.h; path = ASPBarcodeBuilder.h; sourceTree = "<group>"; };
		3060E9231BFDCFED0067A801 /* ASPBarcodeBuilder.m */ = {isa = PBXFileReference; fileEncoding = 4; lastKnownFileType = sourcecode.c.objc; path = ASPBarcodeBuilder.m; sourceTree = "<group>"; };
		3060E9241BFDCFED0067A801 /* ASPBarcodeBuildersList.h */ = {isa = PBXFileReference; fileEncoding = 4; lastKnownFileType = sourcecode.c.h; path = ASPBarcodeBuildersList.h; sourceTree = "<group>"; };
		3060E9251BFDCFED0067A801 /* ASPBarcodeBuildersList.m */ = {isa = PBXFileReference; fileEncoding = 4; lastKnownFileType = sourcecode.c.objc; path = ASPBarcodeBuildersList.m; sourceTree = "<group>"; };
		3060E9261BFDCFED0067A801 /* ASPBarcodeReader.h */ = {isa = PBXFileReference; fileEncoding = 4; lastKnownFileType = sourcecode.c.h; path = ASPBarcodeReader.h; sourceTree = "<group>"; };
		3060E9271BFDCFED0067A801 /* ASPBarcodeReader.m */ = {isa = PBXFileReference; fileEncoding = 4; lastKnownFileType = sourcecode.c.objc; path = ASPBarcodeReader.m; sourceTree = "<group>"; };
		3060E9281BFDCFED0067A801 /* ASPBarcodeResponse.h */ = {isa = PBXFileReference; fileEncoding = 4; lastKnownFileType = sourcecode.c.h; path = ASPBarcodeResponse.h; sourceTree = "<group>"; };
		3060E9291BFDCFED0067A801 /* ASPBarcodeResponse.m */ = {isa = PBXFileReference; fileEncoding = 4; lastKnownFileType = sourcecode.c.objc; path = ASPBarcodeResponse.m; sourceTree = "<group>"; };
		3060E92A1BFDCFED0067A801 /* ASPBarcodeResponseList.h */ = {isa = PBXFileReference; fileEncoding = 4; lastKnownFileType = sourcecode.c.h; path = ASPBarcodeResponseList.h; sourceTree = "<group>"; };
		3060E92B1BFDCFED0067A801 /* ASPBarcodeResponseList.m */ = {isa = PBXFileReference; fileEncoding = 4; lastKnownFileType = sourcecode.c.objc; path = ASPBarcodeResponseList.m; sourceTree = "<group>"; };
		3060E92E1BFDCFED0067A801 /* ASPMargins.h */ = {isa = PBXFileReference; fileEncoding = 4; lastKnownFileType = sourcecode.c.h; path = ASPMargins.h; sourceTree = "<group>"; };
		3060E92F1BFDCFED0067A801 /* ASPMargins.m */ = {isa = PBXFileReference; fileEncoding = 4; lastKnownFileType = sourcecode.c.objc; path = ASPMargins.m; sourceTree = "<group>"; };
		3060E9321BFDCFED0067A801 /* ASPResolution.h */ = {isa = PBXFileReference; fileEncoding = 4; lastKnownFileType = sourcecode.c.h; path = ASPResolution.h; sourceTree = "<group>"; };
		3060E9331BFDCFED0067A801 /* ASPResolution.m */ = {isa = PBXFileReference; fileEncoding = 4; lastKnownFileType = sourcecode.c.objc; path = ASPResolution.m; sourceTree = "<group>"; };
		3060E93F1BFDD0000067A801 /* ASPBarcodeApiTestCase.m */ = {isa = PBXFileReference; fileEncoding = 4; lastKnownFileType = sourcecode.c.objc; path = ASPBarcodeApiTestCase.m; sourceTree = "<group>"; };
		3060E9411BFDD0000067A801 /* barcode.png */ = {isa = PBXFileReference; lastKnownFileType = image.png; path = barcode.png; sourceTree = "<group>"; };
		3060E9421BFDD0000067A801 /* sample-barcode.jpeg */ = {isa = PBXFileReference; lastKnownFileType = image.jpeg; path = "sample-barcode.jpeg"; sourceTree = "<group>"; };
		3060E9431BFDD0000067A801 /* sample.txt */ = {isa = PBXFileReference; fileEncoding = 4; lastKnownFileType = text; path = sample.txt; sourceTree = "<group>"; };
/* End PBXFileReference section */

/* Begin PBXFrameworksBuildPhase section */
		3060E8F21BFDCEA50067A801 /* Frameworks */ = {
			isa = PBXFrameworksBuildPhase;
			buildActionMask = 2147483647;
			files = (
			);
			runOnlyForDeploymentPostprocessing = 0;
		};
		3060E90B1BFDCEA50067A801 /* Frameworks */ = {
			isa = PBXFrameworksBuildPhase;
			buildActionMask = 2147483647;
			files = (
			);
			runOnlyForDeploymentPostprocessing = 0;
		};
/* End PBXFrameworksBuildPhase section */

/* Begin PBXGroup section */
		3060E8EC1BFDCEA50067A801 = {
			isa = PBXGroup;
			children = (
				3060E8F71BFDCEA50067A801 /* Aspose.Barcode_Cloud_SDK_For_ObjectiveC */,
				3060E9111BFDCEA50067A801 /* Aspose.Barcode_Cloud_SDK_For_ObjectiveCTests */,
				3060E8F61BFDCEA50067A801 /* Products */,
			);
			sourceTree = "<group>";
		};
		3060E8F61BFDCEA50067A801 /* Products */ = {
			isa = PBXGroup;
			children = (
				3060E8F51BFDCEA50067A801 /* Aspose.Barcode_Cloud_SDK_For_ObjectiveC.app */,
				3060E90E1BFDCEA50067A801 /* Aspose.Barcode_Cloud_SDK_For_ObjectiveCTests.xctest */,
			);
			name = Products;
			sourceTree = "<group>";
		};
		3060E8F71BFDCEA50067A801 /* Aspose.Barcode_Cloud_SDK_For_ObjectiveC */ = {
			isa = PBXGroup;
			children = (
				3060E91D1BFDCFED0067A801 /* barcode */,
				3060E8FB1BFDCEA50067A801 /* AppDelegate.h */,
				3060E8FC1BFDCEA50067A801 /* AppDelegate.m */,
				3060E8FE1BFDCEA50067A801 /* ViewController.h */,
				3060E8FF1BFDCEA50067A801 /* ViewController.m */,
				3060E9011BFDCEA50067A801 /* Main.storyboard */,
				3060E9041BFDCEA50067A801 /* Assets.xcassets */,
				3060E9061BFDCEA50067A801 /* LaunchScreen.storyboard */,
				3060E9091BFDCEA50067A801 /* Info.plist */,
				3060E8F81BFDCEA50067A801 /* Supporting Files */,
			);
			path = Aspose.Barcode_Cloud_SDK_For_ObjectiveC;
			sourceTree = "<group>";
		};
		3060E8F81BFDCEA50067A801 /* Supporting Files */ = {
			isa = PBXGroup;
			children = (
				3060E8F91BFDCEA50067A801 /* main.m */,
			);
			name = "Supporting Files";
			sourceTree = "<group>";
		};
		3060E9111BFDCEA50067A801 /* Aspose.Barcode_Cloud_SDK_For_ObjectiveCTests */ = {
			isa = PBXGroup;
			children = (
				3060E93E1BFDD0000067A801 /* barcode */,
				3060E9401BFDD0000067A801 /* resources */,
				3060E9141BFDCEA50067A801 /* Info.plist */,
			);
			path = Aspose.Barcode_Cloud_SDK_For_ObjectiveCTests;
			sourceTree = "<group>";
		};
		3060E91D1BFDCFED0067A801 /* barcode */ = {
			isa = PBXGroup;
			children = (
				3060E91E1BFDCFED0067A801 /* api */,
				3060E9211BFDCFED0067A801 /* model */,
			);
			path = barcode;
			sourceTree = "<group>";
		};
		3060E91E1BFDCFED0067A801 /* api */ = {
			isa = PBXGroup;
			children = (
				3060E91F1BFDCFED0067A801 /* ASPBarcodeApi.h */,
				3060E9201BFDCFED0067A801 /* ASPBarcodeApi.m */,
			);
			path = api;
			sourceTree = "<group>";
		};
		3060E9211BFDCFED0067A801 /* model */ = {
			isa = PBXGroup;
			children = (
				3060E9221BFDCFED0067A801 /* ASPBarcodeBuilder.h */,
				3060E9231BFDCFED0067A801 /* ASPBarcodeBuilder.m */,
				3060E9241BFDCFED0067A801 /* ASPBarcodeBuildersList.h */,
				3060E9251BFDCFED0067A801 /* ASPBarcodeBuildersList.m */,
				3060E9261BFDCFED0067A801 /* ASPBarcodeReader.h */,
				3060E9271BFDCFED0067A801 /* ASPBarcodeReader.m */,
				3060E9281BFDCFED0067A801 /* ASPBarcodeResponse.h */,
				3060E9291BFDCFED0067A801 /* ASPBarcodeResponse.m */,
				3060E92A1BFDCFED0067A801 /* ASPBarcodeResponseList.h */,
				3060E92B1BFDCFED0067A801 /* ASPBarcodeResponseList.m */,
				3060E92E1BFDCFED0067A801 /* ASPMargins.h */,
				3060E92F1BFDCFED0067A801 /* ASPMargins.m */,
				3060E9321BFDCFED0067A801 /* ASPResolution.h */,
				3060E9331BFDCFED0067A801 /* ASPResolution.m */,
			);
			path = model;
			sourceTree = "<group>";
		};
		3060E93E1BFDD0000067A801 /* barcode */ = {
			isa = PBXGroup;
			children = (
				3060E93F1BFDD0000067A801 /* ASPBarcodeApiTestCase.m */,
			);
			path = barcode;
			sourceTree = "<group>";
		};
		3060E9401BFDD0000067A801 /* resources */ = {
			isa = PBXGroup;
			children = (
				3060E9411BFDD0000067A801 /* barcode.png */,
				3060E9421BFDD0000067A801 /* sample-barcode.jpeg */,
				3060E9431BFDD0000067A801 /* sample.txt */,
			);
			path = resources;
			sourceTree = "<group>";
		};
/* End PBXGroup section */

/* Begin PBXNativeTarget section */
		3060E8F41BFDCEA50067A801 /* Aspose.Barcode_Cloud_SDK_For_ObjectiveC */ = {
			isa = PBXNativeTarget;
			buildConfigurationList = 3060E9171BFDCEA50067A801 /* Build configuration list for PBXNativeTarget "Aspose.Barcode_Cloud_SDK_For_ObjectiveC" */;
			buildPhases = (
				3060E8F11BFDCEA50067A801 /* Sources */,
				3060E8F21BFDCEA50067A801 /* Frameworks */,
				3060E8F31BFDCEA50067A801 /* Resources */,
			);
			buildRules = (
			);
			dependencies = (
			);
			name = Aspose.Barcode_Cloud_SDK_For_ObjectiveC;
			productName = Aspose.Barcode_Cloud_SDK_For_ObjectiveC;
			productReference = 3060E8F51BFDCEA50067A801 /* Aspose.Barcode_Cloud_SDK_For_ObjectiveC.app */;
			productType = "com.apple.product-type.application";
		};
		3060E90D1BFDCEA50067A801 /* Aspose.Barcode_Cloud_SDK_For_ObjectiveCTests */ = {
			isa = PBXNativeTarget;
			buildConfigurationList = 3060E91A1BFDCEA50067A801 /* Build configuration list for PBXNativeTarget "Aspose.Barcode_Cloud_SDK_For_ObjectiveCTests" */;
			buildPhases = (
				3060E90A1BFDCEA50067A801 /* Sources */,
				3060E90B1BFDCEA50067A801 /* Frameworks */,
				3060E90C1BFDCEA50067A801 /* Resources */,
			);
			buildRules = (
			);
			dependencies = (
				3060E9101BFDCEA50067A801 /* PBXTargetDependency */,
			);
			name = Aspose.Barcode_Cloud_SDK_For_ObjectiveCTests;
			productName = Aspose.Barcode_Cloud_SDK_For_ObjectiveCTests;
			productReference = 3060E90E1BFDCEA50067A801 /* Aspose.Barcode_Cloud_SDK_For_ObjectiveCTests.xctest */;
			productType = "com.apple.product-type.bundle.unit-test";
		};
/* End PBXNativeTarget section */

/* Begin PBXProject section */
		3060E8ED1BFDCEA50067A801 /* Project object */ = {
			isa = PBXProject;
			attributes = {
				LastUpgradeCheck = 0710;
				ORGANIZATIONNAME = Aspose;
				TargetAttributes = {
					3060E8F41BFDCEA50067A801 = {
						CreatedOnToolsVersion = 7.1;
					};
					3060E90D1BFDCEA50067A801 = {
						CreatedOnToolsVersion = 7.1;
						TestTargetID = 3060E8F41BFDCEA50067A801;
					};
				};
			};
			buildConfigurationList = 3060E8F01BFDCEA50067A801 /* Build configuration list for PBXProject "Aspose.Barcode_Cloud_SDK_For_ObjectiveC" */;
			compatibilityVersion = "Xcode 3.2";
			developmentRegion = English;
			hasScannedForEncodings = 0;
			knownRegions = (
				en,
				Base,
			);
			mainGroup = 3060E8EC1BFDCEA50067A801;
			productRefGroup = 3060E8F61BFDCEA50067A801 /* Products */;
			projectDirPath = "";
			projectRoot = "";
			targets = (
				3060E8F41BFDCEA50067A801 /* Aspose.Barcode_Cloud_SDK_For_ObjectiveC */,
				3060E90D1BFDCEA50067A801 /* Aspose.Barcode_Cloud_SDK_For_ObjectiveCTests */,
			);
		};
/* End PBXProject section */

/* Begin PBXResourcesBuildPhase section */
		3060E8F31BFDCEA50067A801 /* Resources */ = {
			isa = PBXResourcesBuildPhase;
			buildActionMask = 2147483647;
			files = (
				3060E9081BFDCEA50067A801 /* LaunchScreen.storyboard in Resources */,
				3060E9491BFDD00B0067A801 /* sample-barcode.jpeg in Resources */,
				3060E9051BFDCEA50067A801 /* Assets.xcassets in Resources */,
				3060E9481BFDD00B0067A801 /* barcode.png in Resources */,
				3060E94A1BFDD00B0067A801 /* sample.txt in Resources */,
				3060E9031BFDCEA50067A801 /* Main.storyboard in Resources */,
			);
			runOnlyForDeploymentPostprocessing = 0;
		};
		3060E90C1BFDCEA50067A801 /* Resources */ = {
			isa = PBXResourcesBuildPhase;
			buildActionMask = 2147483647;
			files = (
				3060E9461BFDD0000067A801 /* sample-barcode.jpeg in Resources */,
				3060E9471BFDD0000067A801 /* sample.txt in Resources */,
				3060E9451BFDD0000067A801 /* barcode.png in Resources */,
			);
			runOnlyForDeploymentPostprocessing = 0;
		};
/* End PBXResourcesBuildPhase section */

/* Begin PBXSourcesBuildPhase section */
		3060E8F11BFDCEA50067A801 /* Sources */ = {
			isa = PBXSourcesBuildPhase;
			buildActionMask = 2147483647;
			files = (
				3060E9341BFDCFED0067A801 /* ASPBarcodeApi.m in Sources */,
				3060E9001BFDCEA50067A801 /* ViewController.m in Sources */,
				3060E9381BFDCFED0067A801 /* ASPBarcodeResponse.m in Sources */,
				3060E93D1BFDCFED0067A801 /* ASPResolution.m in Sources */,
				3060E9351BFDCFED0067A801 /* ASPBarcodeBuilder.m in Sources */,
				3060E9371BFDCFED0067A801 /* ASPBarcodeReader.m in Sources */,
				3060E93B1BFDCFED0067A801 /* ASPMargins.m in Sources */,
				3060E8FD1BFDCEA50067A801 /* AppDelegate.m in Sources */,
				3060E8FA1BFDCEA50067A801 /* main.m in Sources */,
				3060E9361BFDCFED0067A801 /* ASPBarcodeBuildersList.m in Sources */,
				3060E9391BFDCFED0067A801 /* ASPBarcodeResponseList.m in Sources */,
			);
			runOnlyForDeploymentPostprocessing = 0;
		};
		3060E90A1BFDCEA50067A801 /* Sources */ = {
			isa = PBXSourcesBuildPhase;
			buildActionMask = 2147483647;
			files = (
				3060E9441BFDD0000067A801 /* ASPBarcodeApiTestCase.m in Sources */,
			);
			runOnlyForDeploymentPostprocessing = 0;
		};
/* End PBXSourcesBuildPhase section */

/* Begin PBXTargetDependency section */
		3060E9101BFDCEA50067A801 /* PBXTargetDependency */ = {
			isa = PBXTargetDependency;
			target = 3060E8F41BFDCEA50067A801 /* Aspose.Barcode_Cloud_SDK_For_ObjectiveC */;
			targetProxy = 3060E90F1BFDCEA50067A801 /* PBXContainerItemProxy */;
		};
/* End PBXTargetDependency section */

/* Begin PBXVariantGroup section */
		3060E9011BFDCEA50067A801 /* Main.storyboard */ = {
			isa = PBXVariantGroup;
			children = (
				3060E9021BFDCEA50067A801 /* Base */,
			);
			name = Main.storyboard;
			sourceTree = "<group>";
		};
		3060E9061BFDCEA50067A801 /* LaunchScreen.storyboard */ = {
			isa = PBXVariantGroup;
			children = (
				3060E9071BFDCEA50067A801 /* Base */,
			);
			name = LaunchScreen.storyboard;
			sourceTree = "<group>";
		};
/* End PBXVariantGroup section */

/* Begin XCBuildConfiguration section */
		3060E9151BFDCEA50067A801 /* Debug */ = {
			isa = XCBuildConfiguration;
			buildSettings = {
				ALWAYS_SEARCH_USER_PATHS = NO;
				CLANG_CXX_LANGUAGE_STANDARD = "gnu++0x";
				CLANG_CXX_LIBRARY = "libc++";
				CLANG_ENABLE_MODULES = YES;
				CLANG_ENABLE_OBJC_ARC = YES;
				CLANG_WARN_BOOL_CONVERSION = YES;
				CLANG_WARN_CONSTANT_CONVERSION = YES;
				CLANG_WARN_DIRECT_OBJC_ISA_USAGE = YES_ERROR;
				CLANG_WARN_EMPTY_BODY = YES;
				CLANG_WARN_ENUM_CONVERSION = YES;
				CLANG_WARN_INT_CONVERSION = YES;
				CLANG_WARN_OBJC_ROOT_CLASS = YES_ERROR;
				CLANG_WARN_UNREACHABLE_CODE = YES;
				CLANG_WARN__DUPLICATE_METHOD_MATCH = YES;
				"CODE_SIGN_IDENTITY[sdk=iphoneos*]" = "iPhone Developer";
				COPY_PHASE_STRIP = NO;
				DEBUG_INFORMATION_FORMAT = dwarf;
				ENABLE_STRICT_OBJC_MSGSEND = YES;
				ENABLE_TESTABILITY = YES;
				GCC_C_LANGUAGE_STANDARD = gnu99;
				GCC_DYNAMIC_NO_PIC = NO;
				GCC_NO_COMMON_BLOCKS = YES;
				GCC_OPTIMIZATION_LEVEL = 0;
				GCC_PREPROCESSOR_DEFINITIONS = (
					"DEBUG=1",
					"$(inherited)",
				);
				GCC_WARN_64_TO_32_BIT_CONVERSION = YES;
				GCC_WARN_ABOUT_RETURN_TYPE = YES_ERROR;
				GCC_WARN_UNDECLARED_SELECTOR = YES;
				GCC_WARN_UNINITIALIZED_AUTOS = YES_AGGRESSIVE;
				GCC_WARN_UNUSED_FUNCTION = YES;
				GCC_WARN_UNUSED_VARIABLE = YES;
				IPHONEOS_DEPLOYMENT_TARGET = 7.0;
				MTL_ENABLE_DEBUG_INFO = YES;
				ONLY_ACTIVE_ARCH = YES;
				SDKROOT = iphoneos;
				TARGETED_DEVICE_FAMILY = "1,2";
			};
			name = Debug;
		};
		3060E9161BFDCEA50067A801 /* Release */ = {
			isa = XCBuildConfiguration;
			buildSettings = {
				ALWAYS_SEARCH_USER_PATHS = NO;
				CLANG_CXX_LANGUAGE_STANDARD = "gnu++0x";
				CLANG_CXX_LIBRARY = "libc++";
				CLANG_ENABLE_MODULES = YES;
				CLANG_ENABLE_OBJC_ARC = YES;
				CLANG_WARN_BOOL_CONVERSION = YES;
				CLANG_WARN_CONSTANT_CONVERSION = YES;
				CLANG_WARN_DIRECT_OBJC_ISA_USAGE = YES_ERROR;
				CLANG_WARN_EMPTY_BODY = YES;
				CLANG_WARN_ENUM_CONVERSION = YES;
				CLANG_WARN_INT_CONVERSION = YES;
				CLANG_WARN_OBJC_ROOT_CLASS = YES_ERROR;
				CLANG_WARN_UNREACHABLE_CODE = YES;
				CLANG_WARN__DUPLICATE_METHOD_MATCH = YES;
				"CODE_SIGN_IDENTITY[sdk=iphoneos*]" = "iPhone Developer";
				COPY_PHASE_STRIP = NO;
				DEBUG_INFORMATION_FORMAT = "dwarf-with-dsym";
				ENABLE_NS_ASSERTIONS = NO;
				ENABLE_STRICT_OBJC_MSGSEND = YES;
				GCC_C_LANGUAGE_STANDARD = gnu99;
				GCC_NO_COMMON_BLOCKS = YES;
				GCC_WARN_64_TO_32_BIT_CONVERSION = YES;
				GCC_WARN_ABOUT_RETURN_TYPE = YES_ERROR;
				GCC_WARN_UNDECLARED_SELECTOR = YES;
				GCC_WARN_UNINITIALIZED_AUTOS = YES_AGGRESSIVE;
				GCC_WARN_UNUSED_FUNCTION = YES;
				GCC_WARN_UNUSED_VARIABLE = YES;
				IPHONEOS_DEPLOYMENT_TARGET = 7.0;
				MTL_ENABLE_DEBUG_INFO = NO;
				SDKROOT = iphoneos;
				TARGETED_DEVICE_FAMILY = "1,2";
				VALIDATE_PRODUCT = YES;
			};
			name = Release;
		};
		3060E9181BFDCEA50067A801 /* Debug */ = {
			isa = XCBuildConfiguration;
			buildSettings = {
				ASSETCATALOG_COMPILER_APPICON_NAME = AppIcon;
				INFOPLIST_FILE = Aspose.Barcode_Cloud_SDK_For_ObjectiveC/Info.plist;
				LD_RUNPATH_SEARCH_PATHS = "$(inherited) @executable_path/Frameworks";
				PRODUCT_BUNDLE_IDENTIFIER = "com.aspose.Aspose-Barcode-Cloud-SDK-For-ObjectiveC";
				PRODUCT_NAME = "$(TARGET_NAME)";
			};
			name = Debug;
		};
		3060E9191BFDCEA50067A801 /* Release */ = {
			isa = XCBuildConfiguration;
			buildSettings = {
				ASSETCATALOG_COMPILER_APPICON_NAME = AppIcon;
				INFOPLIST_FILE = Aspose.Barcode_Cloud_SDK_For_ObjectiveC/Info.plist;
				LD_RUNPATH_SEARCH_PATHS = "$(inherited) @executable_path/Frameworks";
				PRODUCT_BUNDLE_IDENTIFIER = "com.aspose.Aspose-Barcode-Cloud-SDK-For-ObjectiveC";
				PRODUCT_NAME = "$(TARGET_NAME)";
			};
			name = Release;
		};
		3060E91B1BFDCEA50067A801 /* Debug */ = {
			isa = XCBuildConfiguration;
			buildSettings = {
				BUNDLE_LOADER = "$(TEST_HOST)";
				INFOPLIST_FILE = Aspose.Barcode_Cloud_SDK_For_ObjectiveCTests/Info.plist;
				LD_RUNPATH_SEARCH_PATHS = "$(inherited) @executable_path/Frameworks @loader_path/Frameworks";
				PRODUCT_BUNDLE_IDENTIFIER = "com.aspose.Aspose-Barcode-Cloud-SDK-For-ObjectiveCTests";
				PRODUCT_NAME = "$(TARGET_NAME)";
				TEST_HOST = "$(BUILT_PRODUCTS_DIR)/Aspose.Barcode_Cloud_SDK_For_ObjectiveC.app/Aspose.Barcode_Cloud_SDK_For_ObjectiveC";
			};
			name = Debug;
		};
		3060E91C1BFDCEA50067A801 /* Release */ = {
			isa = XCBuildConfiguration;
			buildSettings = {
				BUNDLE_LOADER = "$(TEST_HOST)";
				INFOPLIST_FILE = Aspose.Barcode_Cloud_SDK_For_ObjectiveCTests/Info.plist;
				LD_RUNPATH_SEARCH_PATHS = "$(inherited) @executable_path/Frameworks @loader_path/Frameworks";
				PRODUCT_BUNDLE_IDENTIFIER = "com.aspose.Aspose-Barcode-Cloud-SDK-For-ObjectiveCTests";
				PRODUCT_NAME = "$(TARGET_NAME)";
				TEST_HOST = "$(BUILT_PRODUCTS_DIR)/Aspose.Barcode_Cloud_SDK_For_ObjectiveC.app/Aspose.Barcode_Cloud_SDK_For_ObjectiveC";
			};
			name = Release;
		};
/* End XCBuildConfiguration section */

/* Begin XCConfigurationList section */
		3060E8F01BFDCEA50067A801 /* Build configuration list for PBXProject "Aspose.Barcode_Cloud_SDK_For_ObjectiveC" */ = {
			isa = XCConfigurationList;
			buildConfigurations = (
				3060E9151BFDCEA50067A801 /* Debug */,
				3060E9161BFDCEA50067A801 /* Release */,
			);
			defaultConfigurationIsVisible = 0;
			defaultConfigurationName = Release;
		};
		3060E9171BFDCEA50067A801 /* Build configuration list for PBXNativeTarget "Aspose.Barcode_Cloud_SDK_For_ObjectiveC" */ = {
			isa = XCConfigurationList;
			buildConfigurations = (
				3060E9181BFDCEA50067A801 /* Debug */,
				3060E9191BFDCEA50067A801 /* Release */,
			);
			defaultConfigurationIsVisible = 0;
			defaultConfigurationName = Release;
		};
		3060E91A1BFDCEA50067A801 /* Build configuration list for PBXNativeTarget "Aspose.Barcode_Cloud_SDK_For_ObjectiveCTests" */ = {
			isa = XCConfigurationList;
			buildConfigurations = (
				3060E91B1BFDCEA50067A801 /* Debug */,
				3060E91C1BFDCEA50067A801 /* Release */,
			);
			defaultConfigurationIsVisible = 0;
			defaultConfigurationName = Release;
		};
/* End XCConfigurationList section */
	};
	rootObject = 3060E8ED1BFDCEA50067A801 /* Project object */;
}
